
Microsoft Visual Studio Solution File, Format Version 12.00
# Visual Studio Version 17
VisualStudioVersion = 17.1.32421.90
MinimumVisualStudioVersion = 10.0.40219.1
Project("{FAE04EC0-301F-11D3-BF4B-00C04F79EFBC}") = "veritydevopswebapp", "veritydevopswebapp\veritydevopswebapp.csproj", "{3AD9FC6F-F0E0-44E4-AFEF-479D0B53BD7E}"
EndProject
Project("{FAE04EC0-301F-11D3-BF4B-00C04F79EFBC}") = "veritydevopswebapp.Tests", "veritydevopswebapp.Tests\veritydevopswebapp.Tests.csproj", "{54873C89-2041-4706-A630-32203927A9E5}"
EndProject
Global
	GlobalSection(SolutionConfigurationPlatforms) = preSolution
		Debug|Any CPU = Debug|Any CPU
		Release|Any CPU = Release|Any CPU
	EndGlobalSection
	GlobalSection(ProjectConfigurationPlatforms) = postSolution
		{3AD9FC6F-F0E0-44E4-AFEF-479D0B53BD7E}.Debug|Any CPU.ActiveCfg = Debug|Any CPU
		{3AD9FC6F-F0E0-44E4-AFEF-479D0B53BD7E}.Debug|Any CPU.Build.0 = Debug|Any CPU
		{3AD9FC6F-F0E0-44E4-AFEF-479D0B53BD7E}.Release|Any CPU.ActiveCfg = Release|Any CPU
		{3AD9FC6F-F0E0-44E4-AFEF-479D0B53BD7E}.Release|Any CPU.Build.0 = Release|Any CPU
		{54873C89-2041-4706-A630-32203927A9E5}.Debug|Any CPU.ActiveCfg = Debug|Any CPU
		{54873C89-2041-4706-A630-32203927A9E5}.Debug|Any CPU.Build.0 = Debug|Any CPU
		{54873C89-2041-4706-A630-32203927A9E5}.Release|Any CPU.ActiveCfg = Release|Any CPU
		{54873C89-2041-4706-A630-32203927A9E5}.Release|Any CPU.Build.0 = Release|Any CPU
	EndGlobalSection
	GlobalSection(SolutionProperties) = preSolution
		HideSolutionNode = FALSE
	EndGlobalSection
	GlobalSection(ExtensibilityGlobals) = postSolution
		SolutionGuid = {9093BD22-840A-4B14-9D6C-4B35E538B233}
	EndGlobalSection
EndGlobal
